
Microsoft Visual Studio Solution File, Format Version 12.00
# Visual Studio Version 16
VisualStudioVersion = 16.0.808.7
MinimumVisualStudioVersion = 10.0.40219.1
Project("{FAE04EC0-301F-11D3-BF4B-00C04F79EFBC}") = "Sample.Api", "Sample.Api\Sample.Api.csproj", "{F857C5C9-35D3-4F51-806E-AAAD6D0E1C43}"
EndProject
Global
	GlobalSection(SolutionConfigurationPlatforms) = preSolution
		Debug|Any CPU = Debug|Any CPU
		Release|Any CPU = Release|Any CPU
	EndGlobalSection
	GlobalSection(ProjectConfigurationPlatforms) = postSolution
		{F857C5C9-35D3-4F51-806E-AAAD6D0E1C43}.Debug|Any CPU.ActiveCfg = Debug|Any CPU
		{F857C5C9-35D3-4F51-806E-AAAD6D0E1C43}.Debug|Any CPU.Build.0 = Debug|Any CPU
		{F857C5C9-35D3-4F51-806E-AAAD6D0E1C43}.Release|Any CPU.ActiveCfg = Release|Any CPU
		{F857C5C9-35D3-4F51-806E-AAAD6D0E1C43}.Release|Any CPU.Build.0 = Release|Any CPU
	EndGlobalSection
	GlobalSection(SolutionProperties) = preSolution
		HideSolutionNode = FALSE
	EndGlobalSection
	GlobalSection(ExtensibilityGlobals) = postSolution
		SolutionGuid = {33AEAD64-2E04-4BC2-A3DF-FB9DC03EB6A5}
	EndGlobalSection
EndGlobal
