
Microsoft Visual Studio Solution File, Format Version 12.00
# Visual Studio Version 16
VisualStudioVersion = 16.0.808.7
MinimumVisualStudioVersion = 10.0.40219.1
Project("{FAE04EC0-301F-11D3-BF4B-00C04F79EFBC}") = "Server", "Server\Server.csproj", "{DB14890E-37BC-4997-95B5-68C787C9DAA0}"
EndProject
Global
	GlobalSection(SolutionConfigurationPlatforms) = preSolution
		Debug|Any CPU = Debug|Any CPU
		Release|Any CPU = Release|Any CPU
	EndGlobalSection
	GlobalSection(ProjectConfigurationPlatforms) = postSolution
		{DB14890E-37BC-4997-95B5-68C787C9DAA0}.Debug|Any CPU.ActiveCfg = Debug|Any CPU
		{DB14890E-37BC-4997-95B5-68C787C9DAA0}.Debug|Any CPU.Build.0 = Debug|Any CPU
		{DB14890E-37BC-4997-95B5-68C787C9DAA0}.Release|Any CPU.ActiveCfg = Release|Any CPU
		{DB14890E-37BC-4997-95B5-68C787C9DAA0}.Release|Any CPU.Build.0 = Release|Any CPU
	EndGlobalSection
	GlobalSection(SolutionProperties) = preSolution
		HideSolutionNode = FALSE
	EndGlobalSection
	GlobalSection(ExtensibilityGlobals) = postSolution
		SolutionGuid = {33AEAD64-2E04-4BC2-A3DF-FB9DC03EB6A5}
	EndGlobalSection
EndGlobal
